%{
  "certifi": {:hex, :certifi, "2.13.0", "e52be248590050b2dd33b0bb274b56678f9068e67805dca8aa8b1ccdb016bbf6", [:rebar3], [], "hexpm", "8f3d9533a0f06070afdfd5d596b32e21c6580667a492891851b0e2737bc507a1"},
  "cf": {:hex, :cf, "0.3.1", "5cb902239476e141ea70a740340233782d363a31eea8ad37049561542e6cd641", [:rebar3], [], "hexpm", "315e8d447d3a4b02bcdbfa397ad03bbb988a6e0aa6f44d3add0f4e3c3bf97672"},
  "cowboy": {:git, "https://github.com/extend/cowboy", "66fd122c08dd05e2ff2300af963cb977dca2ba7c", [tag: "2.6.0"]},
  "cowlib": {:hex, :cowlib, "2.12.1", "a9fa9a625f1d2025fe6b462cb865881329b5caff8f1854d1cbc9f9533f00e1e1", [:make, :rebar3], [], "hexpm", "163b73f6367a7341b33c794c4e88e7dbfe6498ac42dcd69ef44c5bc5507c8db0"},
  "enotify": {:hex, :enotify, "0.1.0", "f6bf33aa7bc4789d953087e48c6adbc6d9682b6d67e4bc353c2fdb96c5ac5595", [:rebar], [], "hexpm", "8e48da763ce15bfd75cc857ddfe5011b03189d597f47bcdd8acc6fbbe8e6b6f4"},
  "eper": {:hex, :eper, "0.99.1", "a50698b6803b8732ad6575285320999fe73e160a1a9ff7efcab6b6f818bd2c1f", [:rebar3], [], "hexpm", "1d2685445c401c4d91e23ea59b8fd327c29186dfb5f3b271d3c1eb73a3cbc9f3"},
  "erlware_commons": {:hex, :erlware_commons, "1.7.0", "00f336ae1ab5880253f64217a3988998a54effdeb6ef2bff1a1f8ae667075983", [:rebar3], [{:cf, "~> 0.3", [hex: :cf, repo: "hexpm", optional: false]}], "hexpm", "c0850ef4ffc031ba61393392316b512ebadf731c66f6e1e3fb014f35f877b33b"},
  "gun": {:hex, :gun, "2.1.0", "b4e4cbbf3026d21981c447e9e7ca856766046eff693720ba43114d7f5de36e87", [:make, :rebar3], [{:cowlib, "2.13.0", [hex: :cowlib, repo: "hexpm", optional: false]}], "hexpm", "52fc7fc246bfc3b00e01aea1c2854c70a366348574ab50c57dfe796d24a0101d"},
  "jsone": {:hex, :jsone, "1.8.1", "6bc74d3863d55d420077346da97c601711017a057f2fd1df65d6d65dd562fbab", [:rebar3], [], "hexpm", "c78918124148c51a7a84c678e39bbc6281f8cb582f1d88584628a98468e99738"},
  "meck": {:hex, :meck, "0.8.12", "1f7b1a9f5d12c511848fec26bbefd09a21e1432eadb8982d9a8aceb9891a3cf2", [:rebar3], [], "hexpm", "7a6ab35a42e6c846636e8ecd6fdf2cc2e3f09dbee1abb15c1a7c705c10775787"},
  "mimerl": {:hex, :mimerl, "1.3.0", "d0cd9fc04b9061f82490f6581e0128379830e78535e017f7780f37fea7545726", [:rebar3], [], "hexpm", "a1e15a50d1887217de95f0b9b0793e32853f7c258a5cd227650889b38839fe9d"},
  "nklib": {:git, "https://github.com/byronpc/nklib", "9e587cf5314544bd2e9e55b1d0aedb55e5312718", [branch: "master"]},
  "nkpacket": {:git, "https://github.com/byronpc/nkpacket", "5763ef583d8b8792caaacfc909122f3484a69721", [branch: "master"]},
  "nkserver": {:git, "https://github.com/byronpc/nkserver", "23e1615b93404451ba5b0be9434015bbfad1fd66", [branch: "master"]},
  "nksip": {:git, "https://github.com/byronpc/nksip.git", "5355e0363273acf5a2d271cdd17b494b4a2e048a", [branch: "master"]},
  "parsexml": {:hex, :parsexml, "1.0.0", "62db6b80c2f55f7c0a8cbcd124b34b8e1c29eddcc88d13e170c3a1302a3e1e8d", [:rebar3], [], "hexpm", "d7f678be0d15a971927d9138c1ce962f81648f16e3233191ca37ba2638c06ac8"},
  "qdate": {:hex, :qdate, "0.7.2", "694f5763f1ff8318562fa1aa60e0c6d706c701ccfa5dd4b6eef24f659737d935", [:rebar3], [{:erlware_commons, "~> 1.6.0", [hex: :erlware_commons, repo: "hexpm", optional: false]}, {:qdate_localtime, "~> 1.2.0", [hex: :qdate_localtime, repo: "hexpm", optional: false]}], "hexpm", "920e4ffbceda459edbce73809587b1fa83c2ba3cd9d53e297b473b77d121830b"},
  "qdate_localtime": {:hex, :qdate_localtime, "1.2.1", "72e1034dc6b7fee8f588281eddd0bd0dc5260005d758052f50634d265d382c18", [:rebar3], [], "hexpm", "1109958d205c65c595c8c5694cb83ebaf2dbe770cf902e4dce8afb2c4123764d"},
  "ranch": {:hex, :ranch, "2.0.0", "fbf3d79661c071543256f9051caf19d65daa6df1cf6824d8f37a49b19a66f703", [:rebar3], [], "hexpm", "c20a4840c7d6623c19812d3a7c828b2f1bd153ef0f124cb69c54fe51d8a42ae0"},
  "recon": {:hex, :recon, "2.5.5", "c108a4c406fa301a529151a3bb53158cadc4064ec0c5f99b03ddb8c0e4281bdf", [:mix, :rebar3], [], "hexpm", "632a6f447df7ccc1a4a10bdcfce71514412b16660fe59deca0fcf0aa3c054404"},
  "rfc3339": {:git, "https://github.com/talentdeficit/rfc3339.git", "31716adecb4b405b1f5ef80b9f3fa50f39b26af8", [branch: "master"]},
  "ssl_verify_fun": {:hex, :ssl_verify_fun, "1.1.7", "354c321cf377240c7b8716899e182ce4890c5938111a1296add3ec74cf1715df", [:make, :mix, :rebar3], [], "hexpm", "fe4c190e8f37401d30167c8c405eda19469f34577987c76dde613e838bbc67f8"},
  "yamerl": {:hex, :yamerl, "0.10.0", "4ff81fee2f1f6a46f1700c0d880b24d193ddb74bd14ef42cb0bcf46e81ef2f8e", [:rebar3], [], "hexpm", "346adb2963f1051dc837a2364e4acf6eb7d80097c0f53cbdc3046ec8ec4b4e6e"},
}
